// !$*UTF8*$!
{
	archiveVersion = 1;
	classes = {};
	objectVersion = 56;
	objects = {
        000000000000000000000075 = {isa = PBXBuildFile; fileRef = 0000000000000000000000D5; };
        0000000000000000000000D5 = {isa = PBXFileReference; lastKnownFileType = sourcecode.swift; path = HomeView.swift; sourceTree = "<group>"; };
        000000000000000000000076 = {isa = PBXBuildFile; fileRef = 0000000000000000000000D6; };
        0000000000000000000000D6 = {isa = PBXFileReference; lastKnownFileType = sourcecode.swift; path = ReadingProgressView.swift; sourceTree = "<group>"; };
        000000000000000000000077 = {isa = PBXBuildFile; fileRef = 0000000000000000000000D7; };
        0000000000000000000000D7 = {isa = PBXFileReference; lastKnownFileType = sourcecode.swift; path = ReadingDeskView.swift; sourceTree = "<group>"; };
        000000000000000000000078 = {isa = PBXBuildFile; fileRef = 0000000000000000000000D8; };
        0000000000000000000000D8 = {isa = PBXFileReference; lastKnownFileType = sourcecode.swift; path = FindingsColumn.swift; sourceTree = "<group>"; };
        000000000000000000000079 = {isa = PBXBuildFile; fileRef = 0000000000000000000000D9; };
        0000000000000000000000D9 = {isa = PBXFileReference; lastKnownFileType = sourcecode.swift; path = ManuscriptView.swift; sourceTree = "<group>"; };
        00000000000000000000007A = {isa = PBXBuildFile; fileRef = 0000000000000000000000DA; };
        0000000000000000000000DA = {isa = PBXFileReference; lastKnownFileType = sourcecode.swift; path = FindingInspector.swift; sourceTree = "<group>"; };
        00000000000000000000007B = {isa = PBXBuildFile; fileRef = 0000000000000000000000DB; };
        0000000000000000000000DB = {isa = PBXFileReference; lastKnownFileType = sourcecode.swift; path = SearchSettingsView.swift; sourceTree = "<group>"; };
        00000000000000000000007C = {isa = PBXBuildFile; fileRef = 0000000000000000000000DC; };
        0000000000000000000000DC = {isa = PBXFileReference; lastKnownFileType = sourcecode.swift; path = EngineView.swift; sourceTree = "<group>"; };
        000000000000000000000072 = {isa = PBXBuildFile; fileRef = 0000000000000000000000D2; };
        000000000000000000000073 = {isa = PBXBuildFile; fileRef = 0000000000000000000000D3; };
        0000000000000000000000D3 = {isa = PBXFileReference; lastKnownFileType = sourcecode.swift; path = SobreView.swift; sourceTree = "<group>"; };
        000000000000000000000074 = {isa = PBXBuildFile; fileRef = 0000000000000000000000D4; };
        0000000000000000000000D4 = {isa = PBXFileReference; lastKnownFileType = sourcecode.swift; path = ManuscriptEditor.swift; sourceTree = "<group>"; };
        0000000000000000000000D2 = {isa = PBXFileReference; lastKnownFileType = sourcecode.swift; path = EmbeddedEngine.swift; sourceTree = "<group>"; };
        000000000000000000000070 = {isa = PBXBuildFile; fileRef = 0000000000000000000000D0; };
        0000000000000000000000D0 = {isa = PBXFileReference; lastKnownFileType = sourcecode.swift; path = LumeTheme.swift; sourceTree = "<group>"; };
        000000000000000000000071 = {isa = PBXBuildFile; fileRef = 0000000000000000000000D1; };
        0000000000000000000000D1 = {isa = PBXFileReference; lastKnownFileType = folder.assetcatalog; path = Assets.xcassets; sourceTree = "<group>"; };
		000000000000000000000064 = {isa = PBXBuildFile; fileRef = 0000000000000000000000C8; };
		0000000000000000000000C8 = {isa = PBXFileReference; lastKnownFileType = sourcecode.swift; path = LumeApp.swift; sourceTree = "<group>"; };
		000000000000000000000065 = {isa = PBXBuildFile; fileRef = 0000000000000000000000C9; };
		0000000000000000000000C9 = {isa = PBXFileReference; lastKnownFileType = sourcecode.swift; path = Models.swift; sourceTree = "<group>"; };
		000000000000000000000066 = {isa = PBXBuildFile; fileRef = 0000000000000000000000CA; };
		0000000000000000000000CA = {isa = PBXFileReference; lastKnownFileType = sourcecode.swift; path = PythonRunner.swift; sourceTree = "<group>"; };
		000000000000000000000067 = {isa = PBXBuildFile; fileRef = 0000000000000000000000CB; };
		0000000000000000000000CB = {isa = PBXFileReference; lastKnownFileType = sourcecode.swift; path = ReviewStore.swift; sourceTree = "<group>"; };
		000000000000000000000068 = {isa = PBXBuildFile; fileRef = 0000000000000000000000CC; };
		0000000000000000000000CC = {isa = PBXFileReference; lastKnownFileType = sourcecode.swift; path = ContentView.swift; sourceTree = "<group>"; };
		00000000000000000000012C = {isa = PBXFileReference; explicitFileType = wrapper.application; includeInIndex = 0; path = Lume.app; sourceTree = BUILT_PRODUCTS_DIR; };
		000000000000000000000001 = {isa = PBXProject; attributes = {BuildIndependentTargetsInParallel = YES; LastUpgradeCheck = 1500; }; buildConfigurationList = 000000000000000000000190; compatibilityVersion = "Xcode 14.0"; developmentRegion = pt; hasScannedForEncodings = 0; knownRegions = (pt, en, Base); mainGroup = 000000000000000000000002; productRefGroup = 000000000000000000000004; projectDirPath = ""; projectRoot = ""; targets = (000000000000000000000005); };
		000000000000000000000002 = {isa = PBXGroup; children = (000000000000000000000003, 000000000000000000000004); sourceTree = "<group>"; };
		000000000000000000000003 = {isa = PBXGroup; children = (0000000000000000000000C8, 0000000000000000000000C9, 0000000000000000000000CA, 0000000000000000000000CB, 0000000000000000000000CC, 0000000000000000000000D0, 0000000000000000000000D1, 0000000000000000000000D2, 0000000000000000000000D3, 0000000000000000000000D4, 0000000000000000000000D5, 0000000000000000000000D6, 0000000000000000000000D7, 0000000000000000000000D8, 0000000000000000000000D9, 0000000000000000000000DA, 0000000000000000000000DB, 0000000000000000000000DC); path = Lume; sourceTree = "<group>"; };
		000000000000000000000004 = {isa = PBXGroup; children = (00000000000000000000012C); name = Products; sourceTree = "<group>"; };
		000000000000000000000005 = {isa = PBXNativeTarget; buildConfigurationList = 000000000000000000000191; buildPhases = (000000000000000000000006, 000000000000000000000007, 000000000000000000000008); buildRules = (); dependencies = (); name = Lume; productName = Lume; productReference = 00000000000000000000012C; productType = "com.apple.product-type.application"; };
		000000000000000000000006 = {isa = PBXSourcesBuildPhase; buildActionMask = 2147483647; files = (000000000000000000000064, 000000000000000000000065, 000000000000000000000066, 000000000000000000000067, 000000000000000000000068, 000000000000000000000070, 000000000000000000000072, 000000000000000000000073, 000000000000000000000074, 000000000000000000000075, 000000000000000000000076, 000000000000000000000077, 000000000000000000000078, 000000000000000000000079, 00000000000000000000007A, 00000000000000000000007B, 00000000000000000000007C); runOnlyForDeploymentPostprocessing = 0; };
		000000000000000000000007 = {isa = PBXFrameworksBuildPhase; buildActionMask = 2147483647; files = (); runOnlyForDeploymentPostprocessing = 0; };
		000000000000000000000008 = {isa = PBXResourcesBuildPhase; buildActionMask = 2147483647; files = (000000000000000000000071); runOnlyForDeploymentPostprocessing = 0; };
		000000000000000000000190 = {isa = XCConfigurationList; buildConfigurations = (00000000000000000000019A, 00000000000000000000019B); defaultConfigurationIsVisible = 0; defaultConfigurationName = Release; };
		000000000000000000000191 = {isa = XCConfigurationList; buildConfigurations = (0000000000000000000001A4, 0000000000000000000001A5); defaultConfigurationIsVisible = 0; defaultConfigurationName = Release; };
		00000000000000000000019A = {isa = XCBuildConfiguration; buildSettings = {ALWAYS_SEARCH_USER_PATHS = NO; CLANG_ENABLE_MODULES = YES; CLANG_ENABLE_OBJC_ARC = YES; MACOSX_DEPLOYMENT_TARGET = 27.0; SDKROOT = macosx; SWIFT_VERSION = 5.0; SWIFT_OPTIMIZATION_LEVEL = "-Onone"; DEBUG_INFORMATION_FORMAT = dwarf; ONLY_ACTIVE_ARCH = YES; SWIFT_ACTIVE_COMPILATION_CONDITIONS = DEBUG; ENABLE_TESTABILITY = YES;}; name = Debug; };
		0000000000000000000001A4 = {isa = XCBuildConfiguration; buildSettings = {ASSETCATALOG_COMPILER_APPICON_NAME = AppIcon; CODE_SIGN_IDENTITY = "-"; CODE_SIGN_STYLE = Manual; COMBINE_HIDPI_IMAGES = YES; CURRENT_PROJECT_VERSION = 27; ENABLE_APP_SANDBOX = NO; ENABLE_HARDENED_RUNTIME = NO; GENERATE_INFOPLIST_FILE = YES; INFOPLIST_KEY_CFBundleDisplayName = Lume; INFOPLIST_KEY_LSApplicationCategoryType = "public.app-category.productivity"; INFOPLIST_KEY_NSAppleEventsUsageDescription = "O Lume usa o Pages para gravar no manuscrito as correções que você pedir."; LD_RUNPATH_SEARCH_PATHS = "$(inherited) @executable_path/../Frameworks"; MARKETING_VERSION = 1.7; PRODUCT_BUNDLE_IDENTIFIER = br.fonte.editorial; PRODUCT_NAME = "$(TARGET_NAME)"; SUPPORTED_PLATFORMS = macosx; SWIFT_EMIT_LOC_STRINGS = YES;}; name = Debug; };
		00000000000000000000019B = {isa = XCBuildConfiguration; buildSettings = {ALWAYS_SEARCH_USER_PATHS = NO; CLANG_ENABLE_MODULES = YES; CLANG_ENABLE_OBJC_ARC = YES; MACOSX_DEPLOYMENT_TARGET = 27.0; SDKROOT = macosx; SWIFT_VERSION = 5.0; SWIFT_OPTIMIZATION_LEVEL = "-O"; DEBUG_INFORMATION_FORMAT = "dwarf-with-dsym";}; name = Release; };
		0000000000000000000001A5 = {isa = XCBuildConfiguration; buildSettings = {ASSETCATALOG_COMPILER_APPICON_NAME = AppIcon; CODE_SIGN_IDENTITY = "-"; CODE_SIGN_STYLE = Manual; COMBINE_HIDPI_IMAGES = YES; CURRENT_PROJECT_VERSION = 27; ENABLE_APP_SANDBOX = NO; ENABLE_HARDENED_RUNTIME = NO; GENERATE_INFOPLIST_FILE = YES; INFOPLIST_KEY_CFBundleDisplayName = Lume; INFOPLIST_KEY_LSApplicationCategoryType = "public.app-category.productivity"; INFOPLIST_KEY_NSAppleEventsUsageDescription = "O Lume usa o Pages para gravar no manuscrito as correções que você pedir."; LD_RUNPATH_SEARCH_PATHS = "$(inherited) @executable_path/../Frameworks"; MARKETING_VERSION = 1.7; PRODUCT_BUNDLE_IDENTIFIER = br.fonte.editorial; PRODUCT_NAME = "$(TARGET_NAME)"; SUPPORTED_PLATFORMS = macosx; SWIFT_EMIT_LOC_STRINGS = YES;}; name = Release; };
	};
	rootObject = 000000000000000000000001;
}
